
Microsoft Visual Studio Solution File, Format Version 12.00
# Visual Studio Version 16
VisualStudioVersion = 16.0.30611.23
MinimumVisualStudioVersion = 10.0.40219.1
Project("{9A19103F-16F7-4668-BE54-9A1E7A4F7556}") = "AiurDrive", "src\AiurDrive.csproj", "{62C09134-23C1-4E60-AC36-D64818412A68}"
EndProject
Project("{9A19103F-16F7-4668-BE54-9A1E7A4F7556}") = "AiurDrive.Tests", "tests\AiurDrive.Tests.csproj", "{9A46BCEE-7074-4B4F-BE91-2DACD66AF961}"
EndProject
Global
	GlobalSection(SolutionConfigurationPlatforms) = preSolution
		Debug|Any CPU = Debug|Any CPU
		Release|Any CPU = Release|Any CPU
	EndGlobalSection
	GlobalSection(ProjectConfigurationPlatforms) = postSolution
		{62C09134-23C1-4E60-AC36-D64818412A68}.Debug|Any CPU.ActiveCfg = Debug|Any CPU
		{62C09134-23C1-4E60-AC36-D64818412A68}.Debug|Any CPU.Build.0 = Debug|Any CPU
		{62C09134-23C1-4E60-AC36-D64818412A68}.Release|Any CPU.ActiveCfg = Release|Any CPU
		{62C09134-23C1-4E60-AC36-D64818412A68}.Release|Any CPU.Build.0 = Release|Any CPU
		{9A46BCEE-7074-4B4F-BE91-2DACD66AF961}.Debug|Any CPU.ActiveCfg = Debug|Any CPU
		{9A46BCEE-7074-4B4F-BE91-2DACD66AF961}.Debug|Any CPU.Build.0 = Debug|Any CPU
		{9A46BCEE-7074-4B4F-BE91-2DACD66AF961}.Release|Any CPU.ActiveCfg = Release|Any CPU
		{9A46BCEE-7074-4B4F-BE91-2DACD66AF961}.Release|Any CPU.Build.0 = Release|Any CPU
	EndGlobalSection
	GlobalSection(SolutionProperties) = preSolution
		HideSolutionNode = FALSE
	EndGlobalSection
	GlobalSection(ExtensibilityGlobals) = postSolution
		SolutionGuid = {83D54CB4-AED9-4706-8825-6D1687D9AD22}
	EndGlobalSection
EndGlobal
