
Microsoft Visual Studio Solution File, Format Version 12.00
# Visual Studio Version 16
VisualStudioVersion = 16.0.30611.23
MinimumVisualStudioVersion = 10.0.40219.1
Project("{9A19103F-16F7-4668-BE54-9A1E7A4F7556}") = "Aiursoft.AiurDrive", "src\Aiursoft.AiurDrive\Aiursoft.AiurDrive.csproj", "{62C09134-23C1-4E60-AC36-D64818412A68}"
EndProject
Project("{9A19103F-16F7-4668-BE54-9A1E7A4F7556}") = "Aiursoft.AiurDrive.Tests", "tests\Aiursoft.AiurDrive.Tests\Aiursoft.AiurDrive.Tests.csproj", "{9A46BCEE-7074-4B4F-BE91-2DACD66AF961}"
EndProject
Project("{2150E333-8FDC-42A3-9474-1A3956D46DE8}") = "Solution Items", "Solution Items", "{1BEE5D66-F32F-42BB-8E1F-11BB55938053}"
	ProjectSection(SolutionItems) = preProject
		.editorconfig = .editorconfig
	EndProjectSection
EndProject
Project("{FAE04EC0-301F-11D3-BF4B-00C04F79EFBC}") = "Aiursoft.AiurDrive.Entities", "src\Aiursoft.AiurDrive.Entities\Aiursoft.AiurDrive.Entities.csproj", "{682AD3A8-4A84-4054-87FC-31485E3437EF}"
EndProject
Project("{FAE04EC0-301F-11D3-BF4B-00C04F79EFBC}") = "Aiursoft.AiurDrive.InMemory", "src\Aiursoft.AiurDrive.InMemory\Aiursoft.AiurDrive.InMemory.csproj", "{26440831-DE70-459E-BC91-E2E0C6D856D0}"
EndProject
Project("{FAE04EC0-301F-11D3-BF4B-00C04F79EFBC}") = "Aiursoft.AiurDrive.MySql", "src\Aiursoft.AiurDrive.MySql\Aiursoft.AiurDrive.MySql.csproj", "{F5AB2451-69DD-4395-A7F0-63F6BACCBD67}"
EndProject
Project("{FAE04EC0-301F-11D3-BF4B-00C04F79EFBC}") = "Aiursoft.AiurDrive.Sqlite", "src\Aiursoft.AiurDrive.Sqlite\Aiursoft.AiurDrive.Sqlite.csproj", "{710C61FE-2D3D-45D5-8583-D185CFDD57EC}"
EndProject
Global
	GlobalSection(SolutionConfigurationPlatforms) = preSolution
		Debug|Any CPU = Debug|Any CPU
		Release|Any CPU = Release|Any CPU
	EndGlobalSection
	GlobalSection(ProjectConfigurationPlatforms) = postSolution
		{62C09134-23C1-4E60-AC36-D64818412A68}.Debug|Any CPU.ActiveCfg = Debug|Any CPU
		{62C09134-23C1-4E60-AC36-D64818412A68}.Debug|Any CPU.Build.0 = Debug|Any CPU
		{62C09134-23C1-4E60-AC36-D64818412A68}.Release|Any CPU.ActiveCfg = Release|Any CPU
		{62C09134-23C1-4E60-AC36-D64818412A68}.Release|Any CPU.Build.0 = Release|Any CPU
		{9A46BCEE-7074-4B4F-BE91-2DACD66AF961}.Debug|Any CPU.ActiveCfg = Debug|Any CPU
		{9A46BCEE-7074-4B4F-BE91-2DACD66AF961}.Debug|Any CPU.Build.0 = Debug|Any CPU
		{9A46BCEE-7074-4B4F-BE91-2DACD66AF961}.Release|Any CPU.ActiveCfg = Release|Any CPU
		{9A46BCEE-7074-4B4F-BE91-2DACD66AF961}.Release|Any CPU.Build.0 = Release|Any CPU
		{682AD3A8-4A84-4054-87FC-31485E3437EF}.Debug|Any CPU.ActiveCfg = Debug|Any CPU
		{682AD3A8-4A84-4054-87FC-31485E3437EF}.Debug|Any CPU.Build.0 = Debug|Any CPU
		{682AD3A8-4A84-4054-87FC-31485E3437EF}.Release|Any CPU.ActiveCfg = Release|Any CPU
		{682AD3A8-4A84-4054-87FC-31485E3437EF}.Release|Any CPU.Build.0 = Release|Any CPU
		{26440831-DE70-459E-BC91-E2E0C6D856D0}.Debug|Any CPU.ActiveCfg = Debug|Any CPU
		{26440831-DE70-459E-BC91-E2E0C6D856D0}.Debug|Any CPU.Build.0 = Debug|Any CPU
		{26440831-DE70-459E-BC91-E2E0C6D856D0}.Release|Any CPU.ActiveCfg = Release|Any CPU
		{26440831-DE70-459E-BC91-E2E0C6D856D0}.Release|Any CPU.Build.0 = Release|Any CPU
		{F5AB2451-69DD-4395-A7F0-63F6BACCBD67}.Debug|Any CPU.ActiveCfg = Debug|Any CPU
		{F5AB2451-69DD-4395-A7F0-63F6BACCBD67}.Debug|Any CPU.Build.0 = Debug|Any CPU
		{F5AB2451-69DD-4395-A7F0-63F6BACCBD67}.Release|Any CPU.ActiveCfg = Release|Any CPU
		{F5AB2451-69DD-4395-A7F0-63F6BACCBD67}.Release|Any CPU.Build.0 = Release|Any CPU
		{710C61FE-2D3D-45D5-8583-D185CFDD57EC}.Debug|Any CPU.ActiveCfg = Debug|Any CPU
		{710C61FE-2D3D-45D5-8583-D185CFDD57EC}.Debug|Any CPU.Build.0 = Debug|Any CPU
		{710C61FE-2D3D-45D5-8583-D185CFDD57EC}.Release|Any CPU.ActiveCfg = Release|Any CPU
		{710C61FE-2D3D-45D5-8583-D185CFDD57EC}.Release|Any CPU.Build.0 = Release|Any CPU
	EndGlobalSection
	GlobalSection(SolutionProperties) = preSolution
		HideSolutionNode = FALSE
	EndGlobalSection
	GlobalSection(ExtensibilityGlobals) = postSolution
		SolutionGuid = {83D54CB4-AED9-4706-8825-6D1687D9AD22}
	EndGlobalSection
EndGlobal
